
Microsoft Visual Studio Solution File, Format Version 12.00
# Visual Studio Version 17
VisualStudioVersion = 17.14.36301.6
MinimumVisualStudioVersion = 10.0.40219.1
Project("{FAE04EC0-301F-11D3-BF4B-00C04F79EFBC}") = "ArcTriggerAlphaBackend", "ArcTriggerAlphaBackend\ArcTriggerAlphaBackend.csproj", "{87F52573-8DB0-41D5-A1C7-F4C12AA7C490}"
EndProject
Project("{FAE04EC0-301F-11D3-BF4B-00C04F79EFBC}") = "ArcTriggerUI", "ArcTriggerUI\ArcTriggerUI.csproj", "{3F68481A-7C69-4278-9CAA-A09F6B4F5513}"
EndProject
Global
	GlobalSection(SolutionConfigurationPlatforms) = preSolution
		Debug|Any CPU = Debug|Any CPU
		Release|Any CPU = Release|Any CPU
	EndGlobalSection
	GlobalSection(ProjectConfigurationPlatforms) = postSolution
		{87F52573-8DB0-41D5-A1C7-F4C12AA7C490}.Debug|Any CPU.ActiveCfg = Debug|Any CPU
		{87F52573-8DB0-41D5-A1C7-F4C12AA7C490}.Debug|Any CPU.Build.0 = Debug|Any CPU
		{87F52573-8DB0-41D5-A1C7-F4C12AA7C490}.Release|Any CPU.ActiveCfg = Release|Any CPU
		{87F52573-8DB0-41D5-A1C7-F4C12AA7C490}.Release|Any CPU.Build.0 = Release|Any CPU
		{3F68481A-7C69-4278-9CAA-A09F6B4F5513}.Debug|Any CPU.ActiveCfg = Debug|Any CPU
		{3F68481A-7C69-4278-9CAA-A09F6B4F5513}.Debug|Any CPU.Build.0 = Debug|Any CPU
		{3F68481A-7C69-4278-9CAA-A09F6B4F5513}.Release|Any CPU.ActiveCfg = Release|Any CPU
		{3F68481A-7C69-4278-9CAA-A09F6B4F5513}.Release|Any CPU.Build.0 = Release|Any CPU
	EndGlobalSection
	GlobalSection(SolutionProperties) = preSolution
		HideSolutionNode = FALSE
	EndGlobalSection
	GlobalSection(ExtensibilityGlobals) = postSolution
		SolutionGuid = {2A8CC139-7E3E-49FD-8560-3BEEC9E00408}
	EndGlobalSection
EndGlobal
